
Microsoft Visual Studio Solution File, Format Version 10.00
# Visual Studio 2008
# SharpDevelop 3.0.0.3437
Project("{FAE04EC0-301F-11D3-BF4B-00C04F79EFBC}") = "fitnessewhite", "fitnessewhite\fitnessewhite.csproj", "{FA34B6C6-C829-4C3B-91C6-226609193D07}"
EndProject
Project("{FAE04EC0-301F-11D3-BF4B-00C04F79EFBC}") = "fithtmlwhite", "fithtmlwhite\fithtmlwhite.csproj", "{E62B3A54-B64D-47C4-95D5-2BABE40285D4}"
EndProject
Project("{FAE04EC0-301F-11D3-BF4B-00C04F79EFBC}") = "fitwhiteditor", "fitwhiteditor\fitwhiteditor.csproj", "{3CB791B1-0E1C-4F5F-A49F-E349E7E6454A}"
EndProject
Project("{FAE04EC0-301F-11D3-BF4B-00C04F79EFBC}") = "fitnessewhite.vfc", "fitnessewhite.vfc\fitnessewhite.vfc.csproj", "{6B7D592E-C4D3-45D9-B9A4-7BBF1CC92533}"
EndProject
Project("{FAE04EC0-301F-11D3-BF4B-00C04F79EFBC}") = "fithtml", "fithtml\fithtml.csproj", "{AC7D1BB0-5203-44B6-ACE7-E73EF711A179}"
EndProject
Project("{FAE04EC0-301F-11D3-BF4B-00C04F79EFBC}") = "runFile", "fithtml\runFile.csproj", "{795BAA23-9316-4D21-B3DB-3B855E2AD315}"
EndProject
Project("{FAE04EC0-301F-11D3-BF4B-00C04F79EFBC}") = "fitnesse", "fitnesse\fitnesse.csproj", "{483287D5-0C87-4257-AB40-C75C02F2ECF6}"
EndProject
Project("{FAE04EC0-301F-11D3-BF4B-00C04F79EFBC}") = "FitServer", "fitnesse\FitServer.csproj", "{FF0B7C04-6823-4A2E-BA8A-D12223D7F9D2}"
EndProject
Project("{FAE04EC0-301F-11D3-BF4B-00C04F79EFBC}") = "TestRunner", "fitnesse\TestRunner.csproj", "{27ECAA53-8F5B-4E8B-9C80-215B9DD7FC1D}"
EndProject
Project("{FAE04EC0-301F-11D3-BF4B-00C04F79EFBC}") = "white", "White\white.csproj", "{12C59CE2-9CF7-44F4-B27C-90754609F979}"
EndProject
Project("{FAE04EC0-301F-11D3-BF4B-00C04F79EFBC}") = "Bricks.RuntimeFramework", "Bricks.RuntimeFramework\Bricks.RuntimeFramework.csproj", "{AC1B1986-D656-43E6-922E-657DADFA1601}"
EndProject
Project("{FAE04EC0-301F-11D3-BF4B-00C04F79EFBC}") = "Bricks", "Bricks\Bricks.csproj", "{F00F874C-226A-4924-BF34-D421444F423A}"
EndProject
Project("{FAE04EC0-301F-11D3-BF4B-00C04F79EFBC}") = "ConsoleApplication", "ConsoleApplication\ConsoleApplication.csproj", "{17BD826A-1668-413E-B3F4-45D0990D9428}"
EndProject
Project("{FAE04EC0-301F-11D3-BF4B-00C04F79EFBC}") = "fitnessewhite.ecop", "fitnessewhite.ecop\fitnessewhite.ecop.csproj", "f50d443c-6123-4b52-8c19-f24f699043f8"
EndProject
Global
	GlobalSection(SolutionConfigurationPlatforms) = preSolution
		Debug|Any CPU = Debug|Any CPU
		Debug|x86 = Debug|x86
		Release|Any CPU = Release|Any CPU
		Release|x86 = Release|x86
	EndGlobalSection
	GlobalSection(ProjectConfigurationPlatforms) = postSolution
		{FA34B6C6-C829-4C3B-91C6-226609193D07}.Debug|Any CPU.ActiveCfg = Debug|Any CPU
		{FA34B6C6-C829-4C3B-91C6-226609193D07}.Debug|Any CPU.Build.0 = Debug|Any CPU
		{FA34B6C6-C829-4C3B-91C6-226609193D07}.Debug|x86.ActiveCfg = Debug|Any CPU
		{FA34B6C6-C829-4C3B-91C6-226609193D07}.Release|Any CPU.ActiveCfg = Release|Any CPU
		{FA34B6C6-C829-4C3B-91C6-226609193D07}.Release|Any CPU.Build.0 = Release|Any CPU
		{FA34B6C6-C829-4C3B-91C6-226609193D07}.Release|x86.ActiveCfg = Release|Any CPU
		{E62B3A54-B64D-47C4-95D5-2BABE40285D4}.Debug|Any CPU.ActiveCfg = Debug|Any CPU
		{E62B3A54-B64D-47C4-95D5-2BABE40285D4}.Debug|Any CPU.Build.0 = Debug|Any CPU
		{E62B3A54-B64D-47C4-95D5-2BABE40285D4}.Debug|x86.ActiveCfg = Debug|Any CPU
		{E62B3A54-B64D-47C4-95D5-2BABE40285D4}.Release|Any CPU.ActiveCfg = Release|Any CPU
		{E62B3A54-B64D-47C4-95D5-2BABE40285D4}.Release|Any CPU.Build.0 = Release|Any CPU
		{E62B3A54-B64D-47C4-95D5-2BABE40285D4}.Release|x86.ActiveCfg = Release|Any CPU
		{3CB791B1-0E1C-4F5F-A49F-E349E7E6454A}.Debug|Any CPU.ActiveCfg = Debug|Any CPU
		{3CB791B1-0E1C-4F5F-A49F-E349E7E6454A}.Debug|Any CPU.Build.0 = Debug|Any CPU
		{3CB791B1-0E1C-4F5F-A49F-E349E7E6454A}.Debug|x86.ActiveCfg = Debug|Any CPU
		{3CB791B1-0E1C-4F5F-A49F-E349E7E6454A}.Release|Any CPU.ActiveCfg = Release|Any CPU
		{3CB791B1-0E1C-4F5F-A49F-E349E7E6454A}.Release|Any CPU.Build.0 = Release|Any CPU
		{3CB791B1-0E1C-4F5F-A49F-E349E7E6454A}.Release|x86.ActiveCfg = Release|Any CPU
		{6B7D592E-C4D3-45D9-B9A4-7BBF1CC92533}.Debug|Any CPU.ActiveCfg = Debug|Any CPU
		{6B7D592E-C4D3-45D9-B9A4-7BBF1CC92533}.Debug|Any CPU.Build.0 = Debug|Any CPU
		{6B7D592E-C4D3-45D9-B9A4-7BBF1CC92533}.Debug|x86.ActiveCfg = Debug|Any CPU
		{6B7D592E-C4D3-45D9-B9A4-7BBF1CC92533}.Release|Any CPU.ActiveCfg = Release|Any CPU
		{6B7D592E-C4D3-45D9-B9A4-7BBF1CC92533}.Release|Any CPU.Build.0 = Release|Any CPU
		{6B7D592E-C4D3-45D9-B9A4-7BBF1CC92533}.Release|x86.ActiveCfg = Release|Any CPU
		{AC7D1BB0-5203-44B6-ACE7-E73EF711A179}.Debug|Any CPU.ActiveCfg = Debug|Any CPU
		{AC7D1BB0-5203-44B6-ACE7-E73EF711A179}.Debug|Any CPU.Build.0 = Debug|Any CPU
		{AC7D1BB0-5203-44B6-ACE7-E73EF711A179}.Debug|x86.ActiveCfg = Debug|Any CPU
		{AC7D1BB0-5203-44B6-ACE7-E73EF711A179}.Release|Any CPU.ActiveCfg = Release|Any CPU
		{AC7D1BB0-5203-44B6-ACE7-E73EF711A179}.Release|Any CPU.Build.0 = Release|Any CPU
		{AC7D1BB0-5203-44B6-ACE7-E73EF711A179}.Release|x86.ActiveCfg = Release|Any CPU
		{795BAA23-9316-4D21-B3DB-3B855E2AD315}.Debug|Any CPU.ActiveCfg = Debug|Any CPU
		{795BAA23-9316-4D21-B3DB-3B855E2AD315}.Debug|Any CPU.Build.0 = Debug|Any CPU
		{795BAA23-9316-4D21-B3DB-3B855E2AD315}.Debug|x86.ActiveCfg = Debug|Any CPU
		{795BAA23-9316-4D21-B3DB-3B855E2AD315}.Release|Any CPU.ActiveCfg = Release|Any CPU
		{795BAA23-9316-4D21-B3DB-3B855E2AD315}.Release|Any CPU.Build.0 = Release|Any CPU
		{795BAA23-9316-4D21-B3DB-3B855E2AD315}.Release|x86.ActiveCfg = Release|Any CPU
		{483287D5-0C87-4257-AB40-C75C02F2ECF6}.Debug|Any CPU.ActiveCfg = Debug|Any CPU
		{483287D5-0C87-4257-AB40-C75C02F2ECF6}.Debug|Any CPU.Build.0 = Debug|Any CPU
		{483287D5-0C87-4257-AB40-C75C02F2ECF6}.Debug|x86.ActiveCfg = Debug|Any CPU
		{483287D5-0C87-4257-AB40-C75C02F2ECF6}.Release|Any CPU.ActiveCfg = Release|Any CPU
		{483287D5-0C87-4257-AB40-C75C02F2ECF6}.Release|Any CPU.Build.0 = Release|Any CPU
		{483287D5-0C87-4257-AB40-C75C02F2ECF6}.Release|x86.ActiveCfg = Release|Any CPU
		{FF0B7C04-6823-4A2E-BA8A-D12223D7F9D2}.Debug|Any CPU.ActiveCfg = Debug|Any CPU
		{FF0B7C04-6823-4A2E-BA8A-D12223D7F9D2}.Debug|Any CPU.Build.0 = Debug|Any CPU
		{FF0B7C04-6823-4A2E-BA8A-D12223D7F9D2}.Debug|x86.ActiveCfg = Debug|Any CPU
		{FF0B7C04-6823-4A2E-BA8A-D12223D7F9D2}.Release|Any CPU.ActiveCfg = Release|Any CPU
		{FF0B7C04-6823-4A2E-BA8A-D12223D7F9D2}.Release|Any CPU.Build.0 = Release|Any CPU
		{FF0B7C04-6823-4A2E-BA8A-D12223D7F9D2}.Release|x86.ActiveCfg = Release|Any CPU
		{27ECAA53-8F5B-4E8B-9C80-215B9DD7FC1D}.Debug|Any CPU.ActiveCfg = Debug|Any CPU
		{27ECAA53-8F5B-4E8B-9C80-215B9DD7FC1D}.Debug|Any CPU.Build.0 = Debug|Any CPU
		{27ECAA53-8F5B-4E8B-9C80-215B9DD7FC1D}.Debug|x86.ActiveCfg = Debug|Any CPU
		{27ECAA53-8F5B-4E8B-9C80-215B9DD7FC1D}.Release|Any CPU.ActiveCfg = Release|Any CPU
		{27ECAA53-8F5B-4E8B-9C80-215B9DD7FC1D}.Release|Any CPU.Build.0 = Release|Any CPU
		{27ECAA53-8F5B-4E8B-9C80-215B9DD7FC1D}.Release|x86.ActiveCfg = Release|Any CPU
		{12C59CE2-9CF7-44F4-B27C-90754609F979}.Debug|Any CPU.ActiveCfg = Debug|Any CPU
		{12C59CE2-9CF7-44F4-B27C-90754609F979}.Debug|Any CPU.Build.0 = Debug|Any CPU
		{12C59CE2-9CF7-44F4-B27C-90754609F979}.Debug|x86.ActiveCfg = Debug|Any CPU
		{12C59CE2-9CF7-44F4-B27C-90754609F979}.Release|Any CPU.ActiveCfg = Release|Any CPU
		{12C59CE2-9CF7-44F4-B27C-90754609F979}.Release|Any CPU.Build.0 = Release|Any CPU
		{12C59CE2-9CF7-44F4-B27C-90754609F979}.Release|x86.ActiveCfg = Release|Any CPU
		{AC1B1986-D656-43E6-922E-657DADFA1601}.Debug|Any CPU.ActiveCfg = Debug|Any CPU
		{AC1B1986-D656-43E6-922E-657DADFA1601}.Debug|Any CPU.Build.0 = Debug|Any CPU
		{AC1B1986-D656-43E6-922E-657DADFA1601}.Debug|x86.ActiveCfg = Debug|Any CPU
		{AC1B1986-D656-43E6-922E-657DADFA1601}.Release|Any CPU.ActiveCfg = Release|Any CPU
		{AC1B1986-D656-43E6-922E-657DADFA1601}.Release|Any CPU.Build.0 = Release|Any CPU
		{AC1B1986-D656-43E6-922E-657DADFA1601}.Release|x86.ActiveCfg = Release|Any CPU
		{F00F874C-226A-4924-BF34-D421444F423A}.Debug|Any CPU.ActiveCfg = Debug|Any CPU
		{F00F874C-226A-4924-BF34-D421444F423A}.Debug|Any CPU.Build.0 = Debug|Any CPU
		{F00F874C-226A-4924-BF34-D421444F423A}.Debug|x86.ActiveCfg = Debug|Any CPU
		{F00F874C-226A-4924-BF34-D421444F423A}.Release|Any CPU.ActiveCfg = Release|Any CPU
		{F00F874C-226A-4924-BF34-D421444F423A}.Release|Any CPU.Build.0 = Release|Any CPU
		{F00F874C-226A-4924-BF34-D421444F423A}.Release|x86.ActiveCfg = Release|Any CPU
		{F00F874C-226A-4924-BF34-D421444F423A}.Debug|x86.Build.0 = Debug|x86
		{F00F874C-226A-4924-BF34-D421444F423A}.Release|x86.Build.0 = Release|x86
		{AC1B1986-D656-43E6-922E-657DADFA1601}.Debug|x86.Build.0 = Debug|x86
		{AC1B1986-D656-43E6-922E-657DADFA1601}.Release|x86.Build.0 = Release|x86
		{12C59CE2-9CF7-44F4-B27C-90754609F979}.Debug|x86.Build.0 = Debug|x86
		{12C59CE2-9CF7-44F4-B27C-90754609F979}.Release|x86.Build.0 = Release|x86
		{27ECAA53-8F5B-4E8B-9C80-215B9DD7FC1D}.Debug|x86.Build.0 = Debug|x86
		{27ECAA53-8F5B-4E8B-9C80-215B9DD7FC1D}.Release|x86.Build.0 = Release|x86
		{FF0B7C04-6823-4A2E-BA8A-D12223D7F9D2}.Debug|x86.Build.0 = Debug|x86
		{FF0B7C04-6823-4A2E-BA8A-D12223D7F9D2}.Release|x86.Build.0 = Release|x86
		{483287D5-0C87-4257-AB40-C75C02F2ECF6}.Debug|x86.Build.0 = Debug|x86
		{483287D5-0C87-4257-AB40-C75C02F2ECF6}.Release|x86.Build.0 = Release|x86
		{795BAA23-9316-4D21-B3DB-3B855E2AD315}.Debug|x86.Build.0 = Debug|x86
		{795BAA23-9316-4D21-B3DB-3B855E2AD315}.Release|x86.Build.0 = Release|x86
		{AC7D1BB0-5203-44B6-ACE7-E73EF711A179}.Debug|x86.Build.0 = Debug|x86
		{AC7D1BB0-5203-44B6-ACE7-E73EF711A179}.Release|x86.Build.0 = Release|x86
		{6B7D592E-C4D3-45D9-B9A4-7BBF1CC92533}.Debug|x86.Build.0 = Debug|x86
		{6B7D592E-C4D3-45D9-B9A4-7BBF1CC92533}.Release|x86.Build.0 = Release|x86
		{3CB791B1-0E1C-4F5F-A49F-E349E7E6454A}.Debug|x86.Build.0 = Debug|x86
		{3CB791B1-0E1C-4F5F-A49F-E349E7E6454A}.Release|x86.Build.0 = Release|x86
		{E62B3A54-B64D-47C4-95D5-2BABE40285D4}.Debug|x86.Build.0 = Debug|x86
		{E62B3A54-B64D-47C4-95D5-2BABE40285D4}.Release|x86.Build.0 = Release|x86
		{FA34B6C6-C829-4C3B-91C6-226609193D07}.Debug|x86.Build.0 = Debug|x86
		{FA34B6C6-C829-4C3B-91C6-226609193D07}.Release|x86.Build.0 = Release|x86
		{17BD826A-1668-413E-B3F4-45D0990D9428}.Debug|Any CPU.Build.0 = Debug|Any CPU
		{17BD826A-1668-413E-B3F4-45D0990D9428}.Debug|Any CPU.ActiveCfg = Debug|Any CPU
		{17BD826A-1668-413E-B3F4-45D0990D9428}.Debug|x86.Build.0 = Debug|x86
		{17BD826A-1668-413E-B3F4-45D0990D9428}.Debug|x86.ActiveCfg = Debug|x86
		{17BD826A-1668-413E-B3F4-45D0990D9428}.Release|Any CPU.Build.0 = Release|Any CPU
		{17BD826A-1668-413E-B3F4-45D0990D9428}.Release|Any CPU.ActiveCfg = Release|Any CPU
		{17BD826A-1668-413E-B3F4-45D0990D9428}.Release|x86.Build.0 = Release|x86
		{17BD826A-1668-413E-B3F4-45D0990D9428}.Release|x86.ActiveCfg = Release|x86
		F50D443C-6123-4B52-8C19-F24F699043F8.Debug|Any CPU.Build.0 = Debug|Any CPU
		F50D443C-6123-4B52-8C19-F24F699043F8.Debug|Any CPU.ActiveCfg = Debug|Any CPU
		F50D443C-6123-4B52-8C19-F24F699043F8.Debug|x86.Build.0 = Debug|x86
		F50D443C-6123-4B52-8C19-F24F699043F8.Debug|x86.ActiveCfg = Debug|x86
		F50D443C-6123-4B52-8C19-F24F699043F8.Release|Any CPU.Build.0 = Release|Any CPU
		F50D443C-6123-4B52-8C19-F24F699043F8.Release|Any CPU.ActiveCfg = Release|Any CPU
		F50D443C-6123-4B52-8C19-F24F699043F8.Release|x86.Build.0 = Release|x86
		F50D443C-6123-4B52-8C19-F24F699043F8.Release|x86.ActiveCfg = Release|x86
	EndGlobalSection
	GlobalSection(SolutionProperties) = preSolution
		HideSolutionNode = FALSE
	EndGlobalSection
EndGlobal
